
Microsoft Visual Studio Solution File, Format Version 12.00
# Visual Studio Version 16
VisualStudioVersion = 16.0.30309.148
MinimumVisualStudioVersion = 10.0.40219.1
Project("{FAE04EC0-301F-11D3-BF4B-00C04F79EFBC}") = "Trivia.Domain", "Trivia.Domain\Trivia.Domain.csproj", "{445F4B5F-3C98-4D6E-A7E0-04295A6D2D36}"
EndProject
Project("{FAE04EC0-301F-11D3-BF4B-00C04F79EFBC}") = "Trivia.Launcher", "Trivia.Launcher\Trivia.Launcher.csproj", "{65B2D131-2853-420C-861E-51C85B3E1E71}"
EndProject
Global
	GlobalSection(SolutionConfigurationPlatforms) = preSolution
		Debug|Any CPU = Debug|Any CPU
		Release|Any CPU = Release|Any CPU
	EndGlobalSection
	GlobalSection(ProjectConfigurationPlatforms) = postSolution
		{445F4B5F-3C98-4D6E-A7E0-04295A6D2D36}.Debug|Any CPU.ActiveCfg = Debug|Any CPU
		{445F4B5F-3C98-4D6E-A7E0-04295A6D2D36}.Debug|Any CPU.Build.0 = Debug|Any CPU
		{445F4B5F-3C98-4D6E-A7E0-04295A6D2D36}.Release|Any CPU.ActiveCfg = Release|Any CPU
		{445F4B5F-3C98-4D6E-A7E0-04295A6D2D36}.Release|Any CPU.Build.0 = Release|Any CPU
		{65B2D131-2853-420C-861E-51C85B3E1E71}.Debug|Any CPU.ActiveCfg = Debug|Any CPU
		{65B2D131-2853-420C-861E-51C85B3E1E71}.Debug|Any CPU.Build.0 = Debug|Any CPU
		{65B2D131-2853-420C-861E-51C85B3E1E71}.Release|Any CPU.ActiveCfg = Release|Any CPU
		{65B2D131-2853-420C-861E-51C85B3E1E71}.Release|Any CPU.Build.0 = Release|Any CPU
	EndGlobalSection
	GlobalSection(SolutionProperties) = preSolution
		HideSolutionNode = FALSE
	EndGlobalSection
	GlobalSection(ExtensibilityGlobals) = postSolution
		SolutionGuid = {D959987D-6D77-46B9-BC58-2C8AA4C22087}
	EndGlobalSection
EndGlobal
