
Microsoft Visual Studio Solution File, Format Version 12.00
# Visual Studio Version 16
VisualStudioVersion = 16.0.30309.148
MinimumVisualStudioVersion = 10.0.40219.1
Project("{FAE04EC0-301F-11D3-BF4B-00C04F79EFBC}") = "Trivia", "Trivia\Trivia.csproj", "{16408F61-A579-4006-8744-85F5B750D89C}"
EndProject
Project("{9A19103F-16F7-4668-BE54-9A1E7A4F7556}") = "SpecflowTests", "SpecflowTests\SpecflowTests.csproj", "{73B32B62-9D4C-4D2C-990E-AA5C974D4DC0}"
EndProject
Project("{FAE04EC0-301F-11D3-BF4B-00C04F79EFBC}") = "Trivia.Domain", "Trivia.Domain\Trivia.Domain.csproj", "{8EC084BE-40A8-4AF7-B542-4F2A0A583922}"
EndProject
Global
	GlobalSection(SolutionConfigurationPlatforms) = preSolution
		Debug|Any CPU = Debug|Any CPU
		Release|Any CPU = Release|Any CPU
	EndGlobalSection
	GlobalSection(ProjectConfigurationPlatforms) = postSolution
		{16408F61-A579-4006-8744-85F5B750D89C}.Debug|Any CPU.ActiveCfg = Debug|Any CPU
		{16408F61-A579-4006-8744-85F5B750D89C}.Debug|Any CPU.Build.0 = Debug|Any CPU
		{16408F61-A579-4006-8744-85F5B750D89C}.Release|Any CPU.ActiveCfg = Release|Any CPU
		{16408F61-A579-4006-8744-85F5B750D89C}.Release|Any CPU.Build.0 = Release|Any CPU
		{73B32B62-9D4C-4D2C-990E-AA5C974D4DC0}.Debug|Any CPU.ActiveCfg = Debug|Any CPU
		{73B32B62-9D4C-4D2C-990E-AA5C974D4DC0}.Debug|Any CPU.Build.0 = Debug|Any CPU
		{73B32B62-9D4C-4D2C-990E-AA5C974D4DC0}.Release|Any CPU.ActiveCfg = Release|Any CPU
		{73B32B62-9D4C-4D2C-990E-AA5C974D4DC0}.Release|Any CPU.Build.0 = Release|Any CPU
		{8EC084BE-40A8-4AF7-B542-4F2A0A583922}.Debug|Any CPU.ActiveCfg = Debug|Any CPU
		{8EC084BE-40A8-4AF7-B542-4F2A0A583922}.Debug|Any CPU.Build.0 = Debug|Any CPU
		{8EC084BE-40A8-4AF7-B542-4F2A0A583922}.Release|Any CPU.ActiveCfg = Release|Any CPU
		{8EC084BE-40A8-4AF7-B542-4F2A0A583922}.Release|Any CPU.Build.0 = Release|Any CPU
	EndGlobalSection
	GlobalSection(SolutionProperties) = preSolution
		HideSolutionNode = FALSE
	EndGlobalSection
	GlobalSection(ExtensibilityGlobals) = postSolution
		SolutionGuid = {FE05D069-2AF1-48FB-A7EA-AFB99BEE7779}
	EndGlobalSection
EndGlobal
